{
  "version": 4,
  "terraform_version": "1.5.7",
  "serial": 6,
  "lineage": "c8cae9ac-f6c5-3972-6afc-67e61ce439db",
  "outputs": {},
  "resources": [
    {
      "mode": "managed",
      "type": "google_container_cluster",
      "name": "primary",
      "provider": "provider[\"registry.terraform.io/hashicorp/google\"]",
      "instances": [
        {
          "schema_version": 1,
          "attributes": {
            "addons_config": [
              {
                "cloudrun_config": [],
                "config_connector_config": [],
                "dns_cache_config": [],
                "gce_persistent_disk_csi_driver_config": [
                  {
                    "enabled": true
                  }
                ],
                "gcp_filestore_csi_driver_config": [],
                "gcs_fuse_csi_driver_config": [],
                "gke_backup_agent_config": [],
                "horizontal_pod_autoscaling": [],
                "http_load_balancing": [],
                "network_policy_config": [
                  {
                    "disabled": true
                  }
                ]
              }
            ],
            "allow_net_admin": null,
            "authenticator_groups_config": [],
            "binary_authorization": [
              {
                "enabled": false,
                "evaluation_mode": ""
              }
            ],
            "cluster_autoscaling": [
              {
                "auto_provisioning_defaults": [],
                "enabled": false,
                "resource_limits": []
              }
            ],
            "cluster_ipv4_cidr": "10.152.0.0/14",
            "confidential_nodes": [],
            "cost_management_config": [],
            "database_encryption": [
              {
                "key_name": "",
                "state": "DECRYPTED"
              }
            ],
            "datapath_provider": "",
            "default_max_pods_per_node": null,
            "default_snat_status": [
              {
                "disabled": false
              }
            ],
            "description": "",
            "dns_config": [],
            "enable_autopilot": false,
            "enable_binary_authorization": false,
            "enable_intranode_visibility": false,
            "enable_k8s_beta_apis": [],
            "enable_kubernetes_alpha": false,
            "enable_l4_ilb_subsetting": false,
            "enable_legacy_abac": false,
            "enable_shielded_nodes": true,
            "enable_tpu": false,
            "endpoint": "34.59.40.184",
            "gateway_api_config": [],
            "id": "projects/mdepew-assets/locations/us-central1/clusters/vertexai-gke-cluster",
            "initial_node_count": 1,
            "ip_allocation_policy": [],
            "label_fingerprint": "a9dc16a7",
            "location": "us-central1",
            "logging_config": [
              {
                "enable_components": [
                  "SYSTEM_COMPONENTS",
                  "WORKLOADS"
                ]
              }
            ],
            "logging_service": "logging.googleapis.com/kubernetes",
            "maintenance_policy": [],
            "master_auth": [
              {
                "client_certificate": "",
                "client_certificate_config": [
                  {
                    "issue_client_certificate": false
                  }
                ],
                "client_key": "",
                "cluster_ca_certificate": "LS0tLS1CRUdJTiBDRVJUSUZJQ0FURS0tLS0tCk1JSUVMVENDQXBXZ0F3SUJBZ0lSQUpERXpFNEREUlJVWEpzNWZySDk3cUV3RFFZSktvWklodmNOQVFFTEJRQXcKTHpFdE1Dc0dBMVVFQXhNa1lURTNNbVptWTJRdE5qSTRPQzAwT1RjeUxUaG1aV010TjJFeFpESmtObVF6T1daawpNQ0FYRFRJMU1ESXhNekV5TkRnME0xb1lEekl3TlRVd01qQTJNVE0wT0RReldqQXZNUzB3S3dZRFZRUURFeVJoCk1UY3labVpqWkMwMk1qZzRMVFE1TnpJdE9HWmxZeTAzWVRGa01tUTJaRE01Wm1Rd2dnR2lNQTBHQ1NxR1NJYjMKRFFFQkFRVUFBNElCandBd2dnR0tBb0lCZ1FDd0NQUUFqL2VlMmVCR3NDR3lyejZ4NGdKYTg1WTgzVjJuaW5hcgp6bXV4YWZ6eXlya0xjQ1JGVlJ5SitsUXNsVDBhYlB1eDJqeTFiUll3NjBCcC83MDVqVnluNnRYZnR1eTRXTno3CkdMYUVJQ2NHekFGSVZOdnBoV2NSTnBaTlFnL0RqM2N0ZFpOK1NSWFNxdTJ1eWpsUU9Pakw0RmhjQ1RmdHAxdE0KaDRxNlZTZllld2Z4RTFZcCsxRnNiUXR4VndHZ0FWL1kvbVk0K2Y2a3owcCtheTBJaS9ocjZpM0RXcXgrV2cwcApGSmlROVFvZWhPR0krMlcxa25qb1gzUFE3R0VsWTR3ekd5UXBBcUpPa2dDVFRFK1VjdXFBalc3YnpzdU1wdllBCk5nZ0FTYmJISmhodXExclVvS3F2emw2QUJzdTdSdmRJR05kUGVMTUtLcmk0UEFDaUh0bmZGMXIzYlBleFhtdkEKaWhua0VJV1NHcnFmNXAxZm1naVBpTlJyT2FrTFFvRHRrQmp4RVM4dTYzdGVVaVdGOU9HdDBnUDlKdEY2S3NtVQpManFYRjBtWnEwVXNrZDROYnh3b0dHVG5WcnpJd1IvMzBGcGE5eGpmNCs5QUc5ZkUzQ1RrTnNDdFh2SjExR2xzCnpyVXR4azBzWEZYMXJlTkc3ZDVraVQ4MHp5a0NBd0VBQWFOQ01FQXdEZ1lEVlIwUEFRSC9CQVFEQWdJRU1BOEcKQTFVZEV3RUIvd1FGTUFNQkFmOHdIUVlEVlIwT0JCWUVGSzdPQS9QYmFGZFlZN29lWmVrdkJtdTFTcXRFTUEwRwpDU3FHU0liM0RRRUJDd1VBQTRJQmdRQWYwdldnKzFTZlNOQkVaMWx4RFRkMVpaaWo5a1I3Z2lWNnE2eXRBZzV5CkJVNExmUHZSVVBxTUdGOXB5cUFQZlh3dU1qWkpGZmNSWTE5ZWZ0RjdmYU5abXFYaVE2b2U5dXV6a2pNU29CcGcKcGRGbnQyYVMxK3NacHFGdXQxd0RINkhWQk4rMkFlZVhTMmVEQ2JzcTFKc0VHenEwQWdMUVlrWUh2eVc3Z2hocgo0VUJaYXAzVmZlTlI3U2dXK3VlditFUTEzRnB2RUFJNUF6dXY1MlJ5anpGMTdhYnYwUzZHeHRFL01oaS9VOUpaClZ0bXl6NkM0UWhZd2pEYyt4d2t5bGZhWXJIb0l2Y1N1WGtsaFF0cWZ4TFI5N1JVL0VtOHFHa1hYYlhXUk0xSDkKZDVYVURSUFQ1Q0JHcW15c0NHbm93a0FsT054L2hOVnVVTlNKVmx3NHdydDNYSjh4eFBUbnZmQjVWQmFmMmN3MQo5UGhEc3ZFcHNwS1hPV2pGMVBzVE1wUFBLeUF1KzhRK3MyZmJQdStoblBCMG0vdmJTcXpDMTJNcmhQbzAvS2o2Cko4MkVEUFZyQW5sR08yU0hTRGc2VW93cldmM2lqSnNORVh5Wm4zTU1JenZwSGc4dE03SmozdW45R3hLUnpIc1YKeTVsWTl3WGFSbHpZcFNsL0RGWm5ZYVk9Ci0tLS0tRU5EIENFUlRJRklDQVRFLS0tLS0K"
              }
            ],
            "master_authorized_networks_config": [],
            "master_version": "1.31.4-gke.1372000",
            "mesh_certificates": [],
            "min_master_version": null,
            "monitoring_config": [
              {
                "advanced_datapath_observability_config": [
                  {
                    "enable_metrics": false,
                    "relay_mode": ""
                  }
                ],
                "enable_components": [
                  "SYSTEM_COMPONENTS",
                  "STORAGE",
                  "HPA",
                  "POD",
                  "DAEMONSET",
                  "DEPLOYMENT",
                  "STATEFULSET",
                  "CADVISOR",
                  "KUBELET"
                ],
                "managed_prometheus": [
                  {
                    "enabled": true
                  }
                ]
              }
            ],
            "monitoring_service": "monitoring.googleapis.com/kubernetes",
            "name": "vertexai-gke-cluster",
            "network": "projects/mdepew-assets/global/networks/vertexai",
            "network_policy": [
              {
                "enabled": false,
                "provider": "PROVIDER_UNSPECIFIED"
              }
            ],
            "networking_mode": "ROUTES",
            "node_config": [],
            "node_locations": [
              "us-central1-a",
              "us-central1-c",
              "us-central1-f"
            ],
            "node_pool": [],
            "node_pool_auto_config": [],
            "node_pool_defaults": [
              {
                "node_config_defaults": [
                  {
                    "logging_variant": "DEFAULT"
                  }
                ]
              }
            ],
            "node_version": "1.31.4-gke.1372000",
            "notification_config": [
              {
                "pubsub": [
                  {
                    "enabled": false,
                    "filter": [],
                    "topic": ""
                  }
                ]
              }
            ],
            "operation": null,
            "private_cluster_config": [
              {
                "enable_private_endpoint": false,
                "enable_private_nodes": false,
                "master_global_access_config": [
                  {
                    "enabled": false
                  }
                ],
                "master_ipv4_cidr_block": "",
                "peering_name": "",
                "private_endpoint": "10.0.0.52",
                "private_endpoint_subnetwork": "",
                "public_endpoint": "34.59.40.184"
              }
            ],
            "private_ipv6_google_access": "",
            "project": "mdepew-assets",
            "release_channel": [
              {
                "channel": "REGULAR"
              }
            ],
            "remove_default_node_pool": true,
            "resource_labels": null,
            "resource_usage_export_config": [],
            "security_posture_config": [
              {
                "mode": "BASIC",
                "vulnerability_mode": "VULNERABILITY_MODE_UNSPECIFIED"
              }
            ],
            "self_link": "https://container.googleapis.com/v1/projects/mdepew-assets/locations/us-central1/clusters/vertexai-gke-cluster",
            "service_external_ips_config": [
              {
                "enabled": false
              }
            ],
            "services_ipv4_cidr": "10.155.240.0/20",
            "subnetwork": "projects/mdepew-assets/regions/us-central1/subnetworks/workbench",
            "timeouts": null,
            "tpu_ipv4_cidr_block": "",
            "vertical_pod_autoscaling": [],
            "workload_identity_config": [
              {
                "workload_pool": "mdepew-assets.svc.id.goog"
              }
            ]
          },
          "sensitive_attributes": [],
          "private": "eyJlMmJmYjczMC1lY2FhLTExZTYtOGY4OC0zNDM2M2JjN2M0YzAiOnsiY3JlYXRlIjoyNDAwMDAwMDAwMDAwLCJkZWxldGUiOjI0MDAwMDAwMDAwMDAsInJlYWQiOjI0MDAwMDAwMDAwMDAsInVwZGF0ZSI6MzYwMDAwMDAwMDAwMH0sInNjaGVtYV92ZXJzaW9uIjoiMSJ9"
        }
      ]
    },
    {
      "mode": "managed",
      "type": "google_container_node_pool",
      "name": "primary_nodes",
      "provider": "provider[\"registry.terraform.io/hashicorp/google\"]",
      "instances": [
        {
          "schema_version": 1,
          "attributes": {
            "autoscaling": [],
            "cluster": "vertexai-gke-cluster",
            "id": "projects/mdepew-assets/locations/us-central1/clusters/vertexai-gke-cluster/nodePools/primary-node-pool",
            "initial_node_count": 6,
            "instance_group_urls": [
              "https://www.googleapis.com/compute/v1/projects/mdepew-assets/zones/us-central1-f/instanceGroupManagers/gke-vertexai-gke-clu-primary-node-poo-a4fbb814-grp",
              "https://www.googleapis.com/compute/v1/projects/mdepew-assets/zones/us-central1-a/instanceGroupManagers/gke-vertexai-gke-clu-primary-node-poo-243d6166-grp",
              "https://www.googleapis.com/compute/v1/projects/mdepew-assets/zones/us-central1-c/instanceGroupManagers/gke-vertexai-gke-clu-primary-node-poo-9542502f-grp"
            ],
            "location": "us-central1",
            "managed_instance_group_urls": [
              "https://www.googleapis.com/compute/v1/projects/mdepew-assets/zones/us-central1-f/instanceGroups/gke-vertexai-gke-clu-primary-node-poo-a4fbb814-grp",
              "https://www.googleapis.com/compute/v1/projects/mdepew-assets/zones/us-central1-a/instanceGroups/gke-vertexai-gke-clu-primary-node-poo-243d6166-grp",
              "https://www.googleapis.com/compute/v1/projects/mdepew-assets/zones/us-central1-c/instanceGroups/gke-vertexai-gke-clu-primary-node-poo-9542502f-grp"
            ],
            "management": [
              {
                "auto_repair": true,
                "auto_upgrade": true
              }
            ],
            "max_pods_per_node": null,
            "name": "primary-node-pool",
            "name_prefix": "",
            "network_config": [],
            "node_config": [
              {
                "advanced_machine_features": [],
                "boot_disk_kms_key": "",
                "confidential_nodes": [],
                "disk_size_gb": 100,
                "disk_type": "pd-balanced",
                "ephemeral_storage_local_ssd_config": [],
                "fast_socket": [],
                "gcfs_config": [],
                "guest_accelerator": [],
                "gvnic": [],
                "host_maintenance_policy": [],
                "image_type": "COS_CONTAINERD",
                "kubelet_config": [
                  {
                    "cpu_cfs_quota": false,
                    "cpu_cfs_quota_period": "",
                    "cpu_manager_policy": "",
                    "pod_pids_limit": 0
                  }
                ],
                "labels": {},
                "linux_node_config": [],
                "local_nvme_ssd_block_config": [],
                "local_ssd_count": 0,
                "logging_variant": "DEFAULT",
                "machine_type": "n1-standard-4",
                "metadata": {
                  "disable-legacy-endpoints": "true"
                },
                "min_cpu_platform": "",
                "node_group": "",
                "oauth_scopes": [
                  "https://www.googleapis.com/auth/cloud-platform"
                ],
                "preemptible": false,
                "reservation_affinity": [],
                "resource_labels": {
                  "goog-gke-node-pool-provisioning-model": "on-demand"
                },
                "service_account": "gke-workload-sa@mdepew-assets.iam.gserviceaccount.com",
                "shielded_instance_config": [
                  {
                    "enable_integrity_monitoring": true,
                    "enable_secure_boot": false
                  }
                ],
                "sole_tenant_config": [],
                "spot": false,
                "tags": null,
                "taint": [],
                "workload_metadata_config": [
                  {
                    "mode": "GKE_METADATA"
                  }
                ]
              }
            ],
            "node_count": 6,
            "node_locations": [
              "us-central1-a",
              "us-central1-c",
              "us-central1-f"
            ],
            "operation": null,
            "placement_policy": [],
            "project": "mdepew-assets",
            "timeouts": null,
            "upgrade_settings": [
              {
                "blue_green_settings": [],
                "max_surge": 1,
                "max_unavailable": 0,
                "strategy": "SURGE"
              }
            ],
            "version": "1.31.4-gke.1372000"
          },
          "sensitive_attributes": [],
          "private": "eyJlMmJmYjczMC1lY2FhLTExZTYtOGY4OC0zNDM2M2JjN2M0YzAiOnsiY3JlYXRlIjoxODAwMDAwMDAwMDAwLCJkZWxldGUiOjE4MDAwMDAwMDAwMDAsInVwZGF0ZSI6MTgwMDAwMDAwMDAwMH0sInNjaGVtYV92ZXJzaW9uIjoiMSJ9",
          "dependencies": [
            "google_container_cluster.primary",
            "google_service_account.gke_sa"
          ]
        }
      ]
    },
    {
      "mode": "managed",
      "type": "google_project_iam_member",
      "name": "bigquery_access",
      "provider": "provider[\"registry.terraform.io/hashicorp/google\"]",
      "instances": [
        {
          "schema_version": 0,
          "attributes": {
            "condition": [],
            "etag": "BwYuBlE8M3I=",
            "id": "mdepew-assets/roles/bigquery.dataEditor/serviceAccount:gke-workload-sa@mdepew-assets.iam.gserviceaccount.com",
            "member": "serviceAccount:gke-workload-sa@mdepew-assets.iam.gserviceaccount.com",
            "project": "mdepew-assets",
            "role": "roles/bigquery.dataEditor"
          },
          "sensitive_attributes": [],
          "private": "bnVsbA==",
          "dependencies": [
            "google_service_account.gke_sa"
          ]
        }
      ]
    },
    {
      "mode": "managed",
      "type": "google_project_iam_member",
      "name": "storage_access",
      "provider": "provider[\"registry.terraform.io/hashicorp/google\"]",
      "instances": [
        {
          "schema_version": 0,
          "attributes": {
            "condition": [],
            "etag": "BwYuBlE8M3I=",
            "id": "mdepew-assets/roles/storage.objectViewer/serviceAccount:gke-workload-sa@mdepew-assets.iam.gserviceaccount.com",
            "member": "serviceAccount:gke-workload-sa@mdepew-assets.iam.gserviceaccount.com",
            "project": "mdepew-assets",
            "role": "roles/storage.objectViewer"
          },
          "sensitive_attributes": [],
          "private": "bnVsbA==",
          "dependencies": [
            "google_service_account.gke_sa"
          ]
        }
      ]
    },
    {
      "mode": "managed",
      "type": "google_service_account",
      "name": "gke_sa",
      "provider": "provider[\"registry.terraform.io/hashicorp/google\"]",
      "instances": [
        {
          "schema_version": 0,
          "attributes": {
            "account_id": "gke-workload-sa",
            "description": "",
            "disabled": false,
            "display_name": "GKE Workload Identity Service Account",
            "email": "gke-workload-sa@mdepew-assets.iam.gserviceaccount.com",
            "id": "projects/mdepew-assets/serviceAccounts/gke-workload-sa@mdepew-assets.iam.gserviceaccount.com",
            "member": "serviceAccount:gke-workload-sa@mdepew-assets.iam.gserviceaccount.com",
            "name": "projects/mdepew-assets/serviceAccounts/gke-workload-sa@mdepew-assets.iam.gserviceaccount.com",
            "project": "mdepew-assets",
            "timeouts": null,
            "unique_id": "103715117967057299597"
          },
          "sensitive_attributes": [],
          "private": "eyJlMmJmYjczMC1lY2FhLTExZTYtOGY4OC0zNDM2M2JjN2M0YzAiOnsiY3JlYXRlIjozMDAwMDAwMDAwMDB9fQ=="
        }
      ]
    }
  ],
  "check_results": null
}
